
Microsoft Visual Studio Solution File, Format Version 12.00
# Visual Studio Version 17
VisualStudioVersion = 17.1.32210.238
MinimumVisualStudioVersion = 10.0.40219.1
Project("{FAE04EC0-301F-11D3-BF4B-00C04F79EFBC}") = "CardsAPI", "CardsAPI\CardsAPI.csproj", "{D4FE3CCA-9C2E-46E0-9956-1783EB927474}"
EndProject
Global
	GlobalSection(SolutionConfigurationPlatforms) = preSolution
		Debug|Any CPU = Debug|Any CPU
		Release|Any CPU = Release|Any CPU
	EndGlobalSection
	GlobalSection(ProjectConfigurationPlatforms) = postSolution
		{D4FE3CCA-9C2E-46E0-9956-1783EB927474}.Debug|Any CPU.ActiveCfg = Debug|Any CPU
		{D4FE3CCA-9C2E-46E0-9956-1783EB927474}.Debug|Any CPU.Build.0 = Debug|Any CPU
		{D4FE3CCA-9C2E-46E0-9956-1783EB927474}.Release|Any CPU.ActiveCfg = Release|Any CPU
		{D4FE3CCA-9C2E-46E0-9956-1783EB927474}.Release|Any CPU.Build.0 = Release|Any CPU
	EndGlobalSection
	GlobalSection(SolutionProperties) = preSolution
		HideSolutionNode = FALSE
	EndGlobalSection
	GlobalSection(ExtensibilityGlobals) = postSolution
		SolutionGuid = {648AA1D0-4021-4F58-BD14-77D0AC731B41}
	EndGlobalSection
EndGlobal
